
Microsoft Visual Studio Solution File, Format Version 12.00
# Visual Studio Version 17
VisualStudioVersion = 17.3.32804.467
MinimumVisualStudioVersion = 10.0.40219.1
Project("{FAE04EC0-301F-11D3-BF4B-00C04F79EFBC}") = "Console(CShart) 6", "Console(CShart) 6.csproj", "{B73632D6-3365-4AD8-8EE1-B842E416C570}"
EndProject
Global
	GlobalSection(SolutionConfigurationPlatforms) = preSolution
		Debug|Any CPU = Debug|Any CPU
		Release|Any CPU = Release|Any CPU
	EndGlobalSection
	GlobalSection(ProjectConfigurationPlatforms) = postSolution
		{B73632D6-3365-4AD8-8EE1-B842E416C570}.Debug|Any CPU.ActiveCfg = Debug|Any CPU
		{B73632D6-3365-4AD8-8EE1-B842E416C570}.Debug|Any CPU.Build.0 = Debug|Any CPU
		{B73632D6-3365-4AD8-8EE1-B842E416C570}.Release|Any CPU.ActiveCfg = Release|Any CPU
		{B73632D6-3365-4AD8-8EE1-B842E416C570}.Release|Any CPU.Build.0 = Release|Any CPU
	EndGlobalSection
	GlobalSection(SolutionProperties) = preSolution
		HideSolutionNode = FALSE
	EndGlobalSection
	GlobalSection(ExtensibilityGlobals) = postSolution
		SolutionGuid = {117842A9-79B8-47C2-813D-990AEC63A498}
	EndGlobalSection
EndGlobal
